
Microsoft Visual Studio Solution File, Format Version 12.00
Project("{2150E333-8FDC-42A3-9474-1A3956D46DE8}") = "src", "src", "{11AB1280-FD82-4CEA-B6EA-91BE7805A4E8}"
EndProject
Project("{2150E333-8FDC-42A3-9474-1A3956D46DE8}") = "tests", "tests", "{D31C471B-BC9B-46DD-901A-400AFA1656CC}"
EndProject
Project("{FAE04EC0-301F-11D3-BF4B-00C04F79EFBC}") = "Expression", "src\Expression\Expression.csproj", "{7A2FAF0A-B129-4207-BBE1-E026B0C121CC}"
EndProject
Project("{FAE04EC0-301F-11D3-BF4B-00C04F79EFBC}") = "Collection", "src\Collection\Collection.csproj", "{DB36653E-F856-4E28-8348-64E32C05B0E7}"
EndProject
Project("{FAE04EC0-301F-11D3-BF4B-00C04F79EFBC}") = "Abstraction", "src\Abstraction\Abstraction.csproj", "{E0ACBD57-AFBB-4E3F-8C7D-931E8576FDCD}"
EndProject
Project("{FAE04EC0-301F-11D3-BF4B-00C04F79EFBC}") = "Representation", "src\Representation\Representation.csproj", "{ACE28DC4-B464-4CA6-B26A-AA1AA80BC350}"
EndProject
Project("{FAE04EC0-301F-11D3-BF4B-00C04F79EFBC}") = "Representation.Tests", "tests\Representation.Tests\Representation.Tests.csproj", "{788B3366-802F-46B9-97BA-B23650E195AF}"
EndProject
Project("{FAE04EC0-301F-11D3-BF4B-00C04F79EFBC}") = "Implementation", "src\Implementation\Implementation.csproj", "{47C8A890-1A21-41D8-BEE0-E6A656C45C04}"
EndProject
Project("{FAE04EC0-301F-11D3-BF4B-00C04F79EFBC}") = "Implementation.Tests", "tests\Implementation.Tests\Implementation.Tests.csproj", "{D306C291-2B73-4F26-A4C7-C8B4C13EC1BA}"
EndProject
Project("{FAE04EC0-301F-11D3-BF4B-00C04F79EFBC}") = "Deserialization", "src\Deserialization\Deserialization.csproj", "{857D7336-99FC-4D2E-A3ED-4B9F5BA3C140}"
EndProject
Project("{FAE04EC0-301F-11D3-BF4B-00C04F79EFBC}") = "Deserialization.Tests", "tests\Deserialization.Tests\Deserialization.Tests.csproj", "{57B13108-9D2F-49B9-9067-553D790E5835}"
EndProject
Project("{FAE04EC0-301F-11D3-BF4B-00C04F79EFBC}") = "Computation", "src\Computation\Computation.csproj", "{1877D419-C4BF-4C76-930C-009AF3FF89F2}"
EndProject
Project("{FAE04EC0-301F-11D3-BF4B-00C04F79EFBC}") = "Computation.Tests", "tests\Computation.Tests\Computation.Tests.csproj", "{A21B3F62-B861-4885-B5B1-F2D156F8D6C2}"
EndProject
Project("{FAE04EC0-301F-11D3-BF4B-00C04F79EFBC}") = "Application", "src\Application\Application.csproj", "{9DBA5223-8FB2-4240-89E7-EC4CB382703C}"
EndProject
Project("{FAE04EC0-301F-11D3-BF4B-00C04F79EFBC}") = "Application.Tests", "tests\Application.Tests\Application.Tests.csproj", "{438E4A0C-615B-4A8F-9F35-A061B4A4FC30}"
EndProject
Project("{FAE04EC0-301F-11D3-BF4B-00C04F79EFBC}") = "Application.IntegrationTests", "tests\Application.IntegrationTests\Application.IntegrationTests.csproj", "{F409960B-6574-4A80-9864-DB603E53DFAE}"
EndProject
Global
	GlobalSection(SolutionConfigurationPlatforms) = preSolution
		Debug|x64 = Debug|x64
		Release|x64 = Release|x64
	EndGlobalSection
	GlobalSection(NestedProjects) = preSolution
		{7A2FAF0A-B129-4207-BBE1-E026B0C121CC} = {11AB1280-FD82-4CEA-B6EA-91BE7805A4E8}
		{DB36653E-F856-4E28-8348-64E32C05B0E7} = {11AB1280-FD82-4CEA-B6EA-91BE7805A4E8}
		{E0ACBD57-AFBB-4E3F-8C7D-931E8576FDCD} = {11AB1280-FD82-4CEA-B6EA-91BE7805A4E8}
		{ACE28DC4-B464-4CA6-B26A-AA1AA80BC350} = {11AB1280-FD82-4CEA-B6EA-91BE7805A4E8}
		{788B3366-802F-46B9-97BA-B23650E195AF} = {D31C471B-BC9B-46DD-901A-400AFA1656CC}
		{47C8A890-1A21-41D8-BEE0-E6A656C45C04} = {11AB1280-FD82-4CEA-B6EA-91BE7805A4E8}
		{D306C291-2B73-4F26-A4C7-C8B4C13EC1BA} = {D31C471B-BC9B-46DD-901A-400AFA1656CC}
		{857D7336-99FC-4D2E-A3ED-4B9F5BA3C140} = {11AB1280-FD82-4CEA-B6EA-91BE7805A4E8}
		{57B13108-9D2F-49B9-9067-553D790E5835} = {D31C471B-BC9B-46DD-901A-400AFA1656CC}
		{1877D419-C4BF-4C76-930C-009AF3FF89F2} = {11AB1280-FD82-4CEA-B6EA-91BE7805A4E8}
		{A21B3F62-B861-4885-B5B1-F2D156F8D6C2} = {D31C471B-BC9B-46DD-901A-400AFA1656CC}
		{9DBA5223-8FB2-4240-89E7-EC4CB382703C} = {11AB1280-FD82-4CEA-B6EA-91BE7805A4E8}
		{438E4A0C-615B-4A8F-9F35-A061B4A4FC30} = {D31C471B-BC9B-46DD-901A-400AFA1656CC}
		{F409960B-6574-4A80-9864-DB603E53DFAE} = {D31C471B-BC9B-46DD-901A-400AFA1656CC}
	EndGlobalSection
	GlobalSection(ProjectConfigurationPlatforms) = postSolution
		{7A2FAF0A-B129-4207-BBE1-E026B0C121CC}.Debug|x64.ActiveCfg = Debug|Any CPU
		{7A2FAF0A-B129-4207-BBE1-E026B0C121CC}.Debug|x64.Build.0 = Debug|Any CPU
		{7A2FAF0A-B129-4207-BBE1-E026B0C121CC}.Release|x64.ActiveCfg = Release|Any CPU
		{7A2FAF0A-B129-4207-BBE1-E026B0C121CC}.Release|x64.Build.0 = Release|Any CPU
		{DB36653E-F856-4E28-8348-64E32C05B0E7}.Debug|x64.ActiveCfg = Debug|Any CPU
		{DB36653E-F856-4E28-8348-64E32C05B0E7}.Debug|x64.Build.0 = Debug|Any CPU
		{DB36653E-F856-4E28-8348-64E32C05B0E7}.Release|x64.ActiveCfg = Release|Any CPU
		{DB36653E-F856-4E28-8348-64E32C05B0E7}.Release|x64.Build.0 = Release|Any CPU
		{E0ACBD57-AFBB-4E3F-8C7D-931E8576FDCD}.Debug|x64.ActiveCfg = Debug|Any CPU
		{E0ACBD57-AFBB-4E3F-8C7D-931E8576FDCD}.Debug|x64.Build.0 = Debug|Any CPU
		{E0ACBD57-AFBB-4E3F-8C7D-931E8576FDCD}.Release|x64.ActiveCfg = Release|Any CPU
		{E0ACBD57-AFBB-4E3F-8C7D-931E8576FDCD}.Release|x64.Build.0 = Release|Any CPU
		{ACE28DC4-B464-4CA6-B26A-AA1AA80BC350}.Debug|x64.ActiveCfg = Debug|Any CPU
		{ACE28DC4-B464-4CA6-B26A-AA1AA80BC350}.Debug|x64.Build.0 = Debug|Any CPU
		{ACE28DC4-B464-4CA6-B26A-AA1AA80BC350}.Release|x64.ActiveCfg = Release|Any CPU
		{ACE28DC4-B464-4CA6-B26A-AA1AA80BC350}.Release|x64.Build.0 = Release|Any CPU
		{788B3366-802F-46B9-97BA-B23650E195AF}.Debug|x64.ActiveCfg = Debug|Any CPU
		{788B3366-802F-46B9-97BA-B23650E195AF}.Debug|x64.Build.0 = Debug|Any CPU
		{788B3366-802F-46B9-97BA-B23650E195AF}.Release|x64.ActiveCfg = Release|Any CPU
		{788B3366-802F-46B9-97BA-B23650E195AF}.Release|x64.Build.0 = Release|Any CPU
		{47C8A890-1A21-41D8-BEE0-E6A656C45C04}.Debug|x64.ActiveCfg = Debug|Any CPU
		{47C8A890-1A21-41D8-BEE0-E6A656C45C04}.Debug|x64.Build.0 = Debug|Any CPU
		{47C8A890-1A21-41D8-BEE0-E6A656C45C04}.Release|x64.ActiveCfg = Release|Any CPU
		{47C8A890-1A21-41D8-BEE0-E6A656C45C04}.Release|x64.Build.0 = Release|Any CPU
		{D306C291-2B73-4F26-A4C7-C8B4C13EC1BA}.Debug|x64.ActiveCfg = Debug|Any CPU
		{D306C291-2B73-4F26-A4C7-C8B4C13EC1BA}.Debug|x64.Build.0 = Debug|Any CPU
		{D306C291-2B73-4F26-A4C7-C8B4C13EC1BA}.Release|x64.ActiveCfg = Release|Any CPU
		{D306C291-2B73-4F26-A4C7-C8B4C13EC1BA}.Release|x64.Build.0 = Release|Any CPU
		{857D7336-99FC-4D2E-A3ED-4B9F5BA3C140}.Debug|x64.ActiveCfg = Debug|Any CPU
		{857D7336-99FC-4D2E-A3ED-4B9F5BA3C140}.Debug|x64.Build.0 = Debug|Any CPU
		{857D7336-99FC-4D2E-A3ED-4B9F5BA3C140}.Release|x64.ActiveCfg = Release|Any CPU
		{857D7336-99FC-4D2E-A3ED-4B9F5BA3C140}.Release|x64.Build.0 = Release|Any CPU
		{57B13108-9D2F-49B9-9067-553D790E5835}.Debug|x64.ActiveCfg = Debug|Any CPU
		{57B13108-9D2F-49B9-9067-553D790E5835}.Debug|x64.Build.0 = Debug|Any CPU
		{57B13108-9D2F-49B9-9067-553D790E5835}.Release|x64.ActiveCfg = Release|Any CPU
		{57B13108-9D2F-49B9-9067-553D790E5835}.Release|x64.Build.0 = Release|Any CPU
		{1877D419-C4BF-4C76-930C-009AF3FF89F2}.Debug|x64.ActiveCfg = Debug|x64
		{1877D419-C4BF-4C76-930C-009AF3FF89F2}.Debug|x64.Build.0 = Debug|x64
		{1877D419-C4BF-4C76-930C-009AF3FF89F2}.Release|x64.ActiveCfg = Release|x64
		{1877D419-C4BF-4C76-930C-009AF3FF89F2}.Release|x64.Build.0 = Release|x64
		{A21B3F62-B861-4885-B5B1-F2D156F8D6C2}.Debug|x64.ActiveCfg = Debug|x64
		{A21B3F62-B861-4885-B5B1-F2D156F8D6C2}.Debug|x64.Build.0 = Debug|x64
		{A21B3F62-B861-4885-B5B1-F2D156F8D6C2}.Release|x64.ActiveCfg = Release|x64
		{A21B3F62-B861-4885-B5B1-F2D156F8D6C2}.Release|x64.Build.0 = Release|x64
		{9DBA5223-8FB2-4240-89E7-EC4CB382703C}.Debug|x64.ActiveCfg = Debug|x64
		{9DBA5223-8FB2-4240-89E7-EC4CB382703C}.Debug|x64.Build.0 = Debug|x64
		{9DBA5223-8FB2-4240-89E7-EC4CB382703C}.Release|x64.ActiveCfg = Release|x64
		{9DBA5223-8FB2-4240-89E7-EC4CB382703C}.Release|x64.Build.0 = Release|x64
		{438E4A0C-615B-4A8F-9F35-A061B4A4FC30}.Debug|x64.ActiveCfg = Debug|x64
		{438E4A0C-615B-4A8F-9F35-A061B4A4FC30}.Debug|x64.Build.0 = Debug|x64
		{438E4A0C-615B-4A8F-9F35-A061B4A4FC30}.Release|x64.ActiveCfg = Release|x64
		{438E4A0C-615B-4A8F-9F35-A061B4A4FC30}.Release|x64.Build.0 = Release|x64
		{F409960B-6574-4A80-9864-DB603E53DFAE}.Debug|x64.ActiveCfg = Debug|x64
		{F409960B-6574-4A80-9864-DB603E53DFAE}.Debug|x64.Build.0 = Debug|x64
		{F409960B-6574-4A80-9864-DB603E53DFAE}.Release|x64.ActiveCfg = Release|x64
		{F409960B-6574-4A80-9864-DB603E53DFAE}.Release|x64.Build.0 = Release|x64
	EndGlobalSection
EndGlobal
